
Microsoft Visual Studio Solution File, Format Version 12.00
# Visual Studio Version 16
VisualStudioVersion = 16.0.30309.148
MinimumVisualStudioVersion = 10.0.40219.1
Project("{FAE04EC0-301F-11D3-BF4B-00C04F79EFBC}") = "ConsoleProjectOne", "ConsoleProjectOne.csproj", "{CC87BB68-BA50-48C2-AF07-2B558C0E318B}"
EndProject
Global
	GlobalSection(SolutionConfigurationPlatforms) = preSolution
		Debug|Any CPU = Debug|Any CPU
		Release|Any CPU = Release|Any CPU
	EndGlobalSection
	GlobalSection(ProjectConfigurationPlatforms) = postSolution
		{CC87BB68-BA50-48C2-AF07-2B558C0E318B}.Debug|Any CPU.ActiveCfg = Debug|Any CPU
		{CC87BB68-BA50-48C2-AF07-2B558C0E318B}.Debug|Any CPU.Build.0 = Debug|Any CPU
		{CC87BB68-BA50-48C2-AF07-2B558C0E318B}.Release|Any CPU.ActiveCfg = Release|Any CPU
		{CC87BB68-BA50-48C2-AF07-2B558C0E318B}.Release|Any CPU.Build.0 = Release|Any CPU
	EndGlobalSection
	GlobalSection(SolutionProperties) = preSolution
		HideSolutionNode = FALSE
	EndGlobalSection
	GlobalSection(ExtensibilityGlobals) = postSolution
		SolutionGuid = {1FC830C9-EE7C-470C-B254-366EE229C852}
	EndGlobalSection
EndGlobal
